// !$*UTF8*$!
{
	archiveVersion = 1;
	classes = {
	};
	objectVersion = 51;
	objects = {

/* Begin PBXBuildFile section */
		220746F526527BF2004C6B07 /* AppDelegate.swift in Sources */ = {isa = PBXBuildFile; fileRef = 220746F426527BF2004C6B07 /* AppDelegate.swift */; };
		220746F926527BF2004C6B07 /* HomeViewController.swift in Sources */ = {isa = PBXBuildFile; fileRef = 220746F826527BF2004C6B07 /* HomeViewController.swift */; };
		220746FC26527BF2004C6B07 /* Main.storyboard in Resources */ = {isa = PBXBuildFile; fileRef = 220746FA26527BF2004C6B07 /* Main.storyboard */; };
		220746FE26527BF4004C6B07 /* Assets.xcassets in Resources */ = {isa = PBXBuildFile; fileRef = 220746FD26527BF4004C6B07 /* Assets.xcassets */; };
		2207470126527BF4004C6B07 /* LaunchScreen.storyboard in Resources */ = {isa = PBXBuildFile; fileRef = 220746FF26527BF4004C6B07 /* LaunchScreen.storyboard */; };
		227F209E2654BE18005233DF /* Item.swift in Sources */ = {isa = PBXBuildFile; fileRef = 227F209D2654BE18005233DF /* Item.swift */; };
		229FEF80265367C80089BACC /* NetworkManager.swift in Sources */ = {isa = PBXBuildFile; fileRef = 229FEF7F265367C80089BACC /* NetworkManager.swift */; };
		229FEF83265368C10089BACC /* Reachability.swift in Sources */ = {isa = PBXBuildFile; fileRef = 229FEF82265368C10089BACC /* Reachability.swift */; };
		229FEF86265368DE0089BACC /* DataManager.swift in Sources */ = {isa = PBXBuildFile; fileRef = 229FEF85265368DE0089BACC /* DataManager.swift */; };
		229FEF8A265369360089BACC /* AlertBuilder.swift in Sources */ = {isa = PBXBuildFile; fileRef = 229FEF89265369360089BACC /* AlertBuilder.swift */; };
		229FEF8D265378FE0089BACC /* Extensions.swift in Sources */ = {isa = PBXBuildFile; fileRef = 229FEF8C265378FE0089BACC /* Extensions.swift */; };
		229FEF92265379DB0089BACC /* EventCollectionViewCell.swift in Sources */ = {isa = PBXBuildFile; fileRef = 229FEF90265379DB0089BACC /* EventCollectionViewCell.swift */; };
		229FEF93265379DB0089BACC /* EventCollectionViewCell.xib in Resources */ = {isa = PBXBuildFile; fileRef = 229FEF91265379DB0089BACC /* EventCollectionViewCell.xib */; };
		229FF00626539E420089BACC /* img3.jpeg in Resources */ = {isa = PBXBuildFile; fileRef = 229FF00226539E410089BACC /* img3.jpeg */; };
		229FF00726539E420089BACC /* img1.jpeg in Resources */ = {isa = PBXBuildFile; fileRef = 229FF00326539E410089BACC /* img1.jpeg */; };
		229FF00826539E420089BACC /* img2.jpeg in Resources */ = {isa = PBXBuildFile; fileRef = 229FF00426539E420089BACC /* img2.jpeg */; };
		229FF00926539E420089BACC /* img4.jpeg in Resources */ = {isa = PBXBuildFile; fileRef = 229FF00526539E420089BACC /* img4.jpeg */; };
		229FF0122653A77D0089BACC /* ItemCollectionViewCell.swift in Sources */ = {isa = PBXBuildFile; fileRef = 229FF0102653A77D0089BACC /* ItemCollectionViewCell.swift */; };
		229FF0132653A77D0089BACC /* ItemCollectionViewCell.xib in Resources */ = {isa = PBXBuildFile; fileRef = 229FF0112653A77D0089BACC /* ItemCollectionViewCell.xib */; };
		229FF0182653B59D0089BACC /* SubItemCollectionViewCell.swift in Sources */ = {isa = PBXBuildFile; fileRef = 229FF0162653B59D0089BACC /* SubItemCollectionViewCell.swift */; };
		229FF0192653B59D0089BACC /* SubItemCollectionViewCell.xib in Resources */ = {isa = PBXBuildFile; fileRef = 229FF0172653B59D0089BACC /* SubItemCollectionViewCell.xib */; };
		FA668B736F2ECDC81172C69A /* Pods_42Events.framework in Frameworks */ = {isa = PBXBuildFile; fileRef = 8A44F5C7DB9BA327F00BB7A9 /* Pods_42Events.framework */; };
/* End PBXBuildFile section */

/* Begin PBXFileReference section */
		220746F126527BF2004C6B07 /* 42Events.app */ = {isa = PBXFileReference; explicitFileType = wrapper.application; includeInIndex = 0; path = 42Events.app; sourceTree = BUILT_PRODUCTS_DIR; };
		220746F426527BF2004C6B07 /* AppDelegate.swift */ = {isa = PBXFileReference; lastKnownFileType = sourcecode.swift; path = AppDelegate.swift; sourceTree = "<group>"; };
		220746F826527BF2004C6B07 /* HomeViewController.swift */ = {isa = PBXFileReference; lastKnownFileType = sourcecode.swift; path = HomeViewController.swift; sourceTree = "<group>"; };
		220746FB26527BF2004C6B07 /* Base */ = {isa = PBXFileReference; lastKnownFileType = file.storyboard; name = Base; path = Base.lproj/Main.storyboard; sourceTree = "<group>"; };
		220746FD26527BF4004C6B07 /* Assets.xcassets */ = {isa = PBXFileReference; lastKnownFileType = folder.assetcatalog; path = Assets.xcassets; sourceTree = "<group>"; };
		2207470026527BF4004C6B07 /* Base */ = {isa = PBXFileReference; lastKnownFileType = file.storyboard; name = Base; path = Base.lproj/LaunchScreen.storyboard; sourceTree = "<group>"; };
		2207470226527BF4004C6B07 /* Info.plist */ = {isa = PBXFileReference; lastKnownFileType = text.plist.xml; path = Info.plist; sourceTree = "<group>"; };
		225631AB7EF3AFA1A0E22110 /* Pods-42Events.debug.xcconfig */ = {isa = PBXFileReference; includeInIndex = 1; lastKnownFileType = text.xcconfig; name = "Pods-42Events.debug.xcconfig"; path = "Target Support Files/Pods-42Events/Pods-42Events.debug.xcconfig"; sourceTree = "<group>"; };
		227F209D2654BE18005233DF /* Item.swift */ = {isa = PBXFileReference; lastKnownFileType = sourcecode.swift; path = Item.swift; sourceTree = "<group>"; };
		229FEF7F265367C80089BACC /* NetworkManager.swift */ = {isa = PBXFileReference; lastKnownFileType = sourcecode.swift; path = NetworkManager.swift; sourceTree = "<group>"; };
		229FEF82265368C10089BACC /* Reachability.swift */ = {isa = PBXFileReference; fileEncoding = 4; lastKnownFileType = sourcecode.swift; path = Reachability.swift; sourceTree = "<group>"; };
		229FEF85265368DE0089BACC /* DataManager.swift */ = {isa = PBXFileReference; lastKnownFileType = sourcecode.swift; path = DataManager.swift; sourceTree = "<group>"; };
		229FEF89265369360089BACC /* AlertBuilder.swift */ = {isa = PBXFileReference; fileEncoding = 4; lastKnownFileType = sourcecode.swift; path = AlertBuilder.swift; sourceTree = "<group>"; };
		229FEF8C265378FE0089BACC /* Extensions.swift */ = {isa = PBXFileReference; lastKnownFileType = sourcecode.swift; path = Extensions.swift; sourceTree = "<group>"; };
		229FEF90265379DB0089BACC /* EventCollectionViewCell.swift */ = {isa = PBXFileReference; lastKnownFileType = sourcecode.swift; path = EventCollectionViewCell.swift; sourceTree = "<group>"; };
		229FEF91265379DB0089BACC /* EventCollectionViewCell.xib */ = {isa = PBXFileReference; lastKnownFileType = file.xib; path = EventCollectionViewCell.xib; sourceTree = "<group>"; };
		229FF00226539E410089BACC /* img3.jpeg */ = {isa = PBXFileReference; lastKnownFileType = image.jpeg; path = img3.jpeg; sourceTree = "<group>"; };
		229FF00326539E410089BACC /* img1.jpeg */ = {isa = PBXFileReference; lastKnownFileType = image.jpeg; path = img1.jpeg; sourceTree = "<group>"; };
		229FF00426539E420089BACC /* img2.jpeg */ = {isa = PBXFileReference; lastKnownFileType = image.jpeg; path = img2.jpeg; sourceTree = "<group>"; };
		229FF00526539E420089BACC /* img4.jpeg */ = {isa = PBXFileReference; lastKnownFileType = image.jpeg; path = img4.jpeg; sourceTree = "<group>"; };
		229FF0102653A77D0089BACC /* ItemCollectionViewCell.swift */ = {isa = PBXFileReference; lastKnownFileType = sourcecode.swift; path = ItemCollectionViewCell.swift; sourceTree = "<group>"; };
		229FF0112653A77D0089BACC /* ItemCollectionViewCell.xib */ = {isa = PBXFileReference; lastKnownFileType = file.xib; path = ItemCollectionViewCell.xib; sourceTree = "<group>"; };
		229FF0162653B59D0089BACC /* SubItemCollectionViewCell.swift */ = {isa = PBXFileReference; lastKnownFileType = sourcecode.swift; path = SubItemCollectionViewCell.swift; sourceTree = "<group>"; };
		229FF0172653B59D0089BACC /* SubItemCollectionViewCell.xib */ = {isa = PBXFileReference; lastKnownFileType = file.xib; path = SubItemCollectionViewCell.xib; sourceTree = "<group>"; };
		8A44F5C7DB9BA327F00BB7A9 /* Pods_42Events.framework */ = {isa = PBXFileReference; explicitFileType = wrapper.framework; includeInIndex = 0; path = Pods_42Events.framework; sourceTree = BUILT_PRODUCTS_DIR; };
		B5F5528C219E1B594A226B67 /* Pods-42Events.release.xcconfig */ = {isa = PBXFileReference; includeInIndex = 1; lastKnownFileType = text.xcconfig; name = "Pods-42Events.release.xcconfig"; path = "Target Support Files/Pods-42Events/Pods-42Events.release.xcconfig"; sourceTree = "<group>"; };
/* End PBXFileReference section */

/* Begin PBXFrameworksBuildPhase section */
		220746EE26527BF2004C6B07 /* Frameworks */ = {
			isa = PBXFrameworksBuildPhase;
			buildActionMask = 2147483647;
			files = (
				FA668B736F2ECDC81172C69A /* Pods_42Events.framework in Frameworks */,
			);
			runOnlyForDeploymentPostprocessing = 0;
		};
/* End PBXFrameworksBuildPhase section */

/* Begin PBXGroup section */
		220746E826527BF2004C6B07 = {
			isa = PBXGroup;
			children = (
				220746F326527BF2004C6B07 /* 42Events */,
				220746F226527BF2004C6B07 /* Products */,
				BF2EB1F2C14C0AB0A7F55928 /* Pods */,
				EEDBFC5E3368E82E04733828 /* Frameworks */,
			);
			sourceTree = "<group>";
		};
		220746F226527BF2004C6B07 /* Products */ = {
			isa = PBXGroup;
			children = (
				220746F126527BF2004C6B07 /* 42Events.app */,
			);
			name = Products;
			sourceTree = "<group>";
		};
		220746F326527BF2004C6B07 /* 42Events */ = {
			isa = PBXGroup;
			children = (
				229FF00326539E410089BACC /* img1.jpeg */,
				229FF00426539E420089BACC /* img2.jpeg */,
				229FF00226539E410089BACC /* img3.jpeg */,
				229FF00526539E420089BACC /* img4.jpeg */,
				2207470D26527CC1004C6B07 /* Storyboards */,
				2207470B26527C7E004C6B07 /* Models */,
				2207470A26527C75004C6B07 /* Views */,
				2207470C26527C8D004C6B07 /* Controllers */,
				2207470E26527D0E004C6B07 /* Network */,
				229FEF88265369260089BACC /* Helpers */,
				220746F426527BF2004C6B07 /* AppDelegate.swift */,
				220746FD26527BF4004C6B07 /* Assets.xcassets */,
				2207470226527BF4004C6B07 /* Info.plist */,
			);
			path = 42Events;
			sourceTree = "<group>";
		};
		2207470A26527C75004C6B07 /* Views */ = {
			isa = PBXGroup;
			children = (
				229FEF8F265379C30089BACC /* CollectionViewCell */,
			);
			name = Views;
			sourceTree = "<group>";
		};
		2207470B26527C7E004C6B07 /* Models */ = {
			isa = PBXGroup;
			children = (
				227F209D2654BE18005233DF /* Item.swift */,
			);
			name = Models;
			sourceTree = "<group>";
		};
		2207470C26527C8D004C6B07 /* Controllers */ = {
			isa = PBXGroup;
			children = (
				220746F826527BF2004C6B07 /* HomeViewController.swift */,
			);
			name = Controllers;
			sourceTree = "<group>";
		};
		2207470D26527CC1004C6B07 /* Storyboards */ = {
			isa = PBXGroup;
			children = (
				220746FF26527BF4004C6B07 /* LaunchScreen.storyboard */,
				220746FA26527BF2004C6B07 /* Main.storyboard */,
			);
			name = Storyboards;
			sourceTree = "<group>";
		};
		2207470E26527D0E004C6B07 /* Network */ = {
			isa = PBXGroup;
			children = (
				229FEF7F265367C80089BACC /* NetworkManager.swift */,
				229FEF85265368DE0089BACC /* DataManager.swift */,
				229FEF82265368C10089BACC /* Reachability.swift */,
			);
			name = Network;
			sourceTree = "<group>";
		};
		229FEF88265369260089BACC /* Helpers */ = {
			isa = PBXGroup;
			children = (
				229FEF89265369360089BACC /* AlertBuilder.swift */,
				229FEF8C265378FE0089BACC /* Extensions.swift */,
			);
			name = Helpers;
			sourceTree = "<group>";
		};
		229FEF8F265379C30089BACC /* CollectionViewCell */ = {
			isa = PBXGroup;
			children = (
				229FEF90265379DB0089BACC /* EventCollectionViewCell.swift */,
				229FEF91265379DB0089BACC /* EventCollectionViewCell.xib */,
				229FF0102653A77D0089BACC /* ItemCollectionViewCell.swift */,
				229FF0112653A77D0089BACC /* ItemCollectionViewCell.xib */,
				229FF0162653B59D0089BACC /* SubItemCollectionViewCell.swift */,
				229FF0172653B59D0089BACC /* SubItemCollectionViewCell.xib */,
			);
			name = CollectionViewCell;
			sourceTree = "<group>";
		};
		BF2EB1F2C14C0AB0A7F55928 /* Pods */ = {
			isa = PBXGroup;
			children = (
				225631AB7EF3AFA1A0E22110 /* Pods-42Events.debug.xcconfig */,
				B5F5528C219E1B594A226B67 /* Pods-42Events.release.xcconfig */,
			);
			path = Pods;
			sourceTree = "<group>";
		};
		EEDBFC5E3368E82E04733828 /* Frameworks */ = {
			isa = PBXGroup;
			children = (
				8A44F5C7DB9BA327F00BB7A9 /* Pods_42Events.framework */,
			);
			name = Frameworks;
			sourceTree = "<group>";
		};
/* End PBXGroup section */

/* Begin PBXNativeTarget section */
		220746F026527BF2004C6B07 /* 42Events */ = {
			isa = PBXNativeTarget;
			buildConfigurationList = 2207470526527BF4004C6B07 /* Build configuration list for PBXNativeTarget "42Events" */;
			buildPhases = (
				381DB40D775E7CC47ECC21F7 /* [CP] Check Pods Manifest.lock */,
				220746ED26527BF2004C6B07 /* Sources */,
				220746EE26527BF2004C6B07 /* Frameworks */,
				220746EF26527BF2004C6B07 /* Resources */,
				220B4FFD8217C4AC97DCAD60 /* [CP] Embed Pods Frameworks */,
			);
			buildRules = (
			);
			dependencies = (
			);
			name = 42Events;
			productName = 42Events;
			productReference = 220746F126527BF2004C6B07 /* 42Events.app */;
			productType = "com.apple.product-type.application";
		};
/* End PBXNativeTarget section */

/* Begin PBXProject section */
		220746E926527BF2004C6B07 /* Project object */ = {
			isa = PBXProject;
			attributes = {
				LastSwiftUpdateCheck = 1240;
				LastUpgradeCheck = 1240;
				TargetAttributes = {
					220746F026527BF2004C6B07 = {
						CreatedOnToolsVersion = 12.4;
					};
				};
			};
			buildConfigurationList = 220746EC26527BF2004C6B07 /* Build configuration list for PBXProject "42Events" */;
			compatibilityVersion = "Xcode 9.3";
			developmentRegion = en;
			hasScannedForEncodings = 0;
			knownRegions = (
				en,
				Base,
			);
			mainGroup = 220746E826527BF2004C6B07;
			productRefGroup = 220746F226527BF2004C6B07 /* Products */;
			projectDirPath = "";
			projectRoot = "";
			targets = (
				220746F026527BF2004C6B07 /* 42Events */,
			);
		};
/* End PBXProject section */

/* Begin PBXResourcesBuildPhase section */
		220746EF26527BF2004C6B07 /* Resources */ = {
			isa = PBXResourcesBuildPhase;
			buildActionMask = 2147483647;
			files = (
				2207470126527BF4004C6B07 /* LaunchScreen.storyboard in Resources */,
				220746FE26527BF4004C6B07 /* Assets.xcassets in Resources */,
				220746FC26527BF2004C6B07 /* Main.storyboard in Resources */,
				229FF00826539E420089BACC /* img2.jpeg in Resources */,
				229FEF93265379DB0089BACC /* EventCollectionViewCell.xib in Resources */,
				229FF00726539E420089BACC /* img1.jpeg in Resources */,
				229FF0132653A77D0089BACC /* ItemCollectionViewCell.xib in Resources */,
				229FF00626539E420089BACC /* img3.jpeg in Resources */,
				229FF0192653B59D0089BACC /* SubItemCollectionViewCell.xib in Resources */,
				229FF00926539E420089BACC /* img4.jpeg in Resources */,
			);
			runOnlyForDeploymentPostprocessing = 0;
		};
/* End PBXResourcesBuildPhase section */

/* Begin PBXShellScriptBuildPhase section */
		220B4FFD8217C4AC97DCAD60 /* [CP] Embed Pods Frameworks */ = {
			isa = PBXShellScriptBuildPhase;
			buildActionMask = 2147483647;
			files = (
			);
			inputFileListPaths = (
				"${PODS_ROOT}/Target Support Files/Pods-42Events/Pods-42Events-frameworks-${CONFIGURATION}-input-files.xcfilelist",
			);
			name = "[CP] Embed Pods Frameworks";
			outputFileListPaths = (
				"${PODS_ROOT}/Target Support Files/Pods-42Events/Pods-42Events-frameworks-${CONFIGURATION}-output-files.xcfilelist",
			);
			runOnlyForDeploymentPostprocessing = 0;
			shellPath = /bin/sh;
			shellScript = "\"${PODS_ROOT}/Target Support Files/Pods-42Events/Pods-42Events-frameworks.sh\"\n";
			showEnvVarsInLog = 0;
		};
		381DB40D775E7CC47ECC21F7 /* [CP] Check Pods Manifest.lock */ = {
			isa = PBXShellScriptBuildPhase;
			buildActionMask = 2147483647;
			files = (
			);
			inputFileListPaths = (
			);
			inputPaths = (
				"${PODS_PODFILE_DIR_PATH}/Podfile.lock",
				"${PODS_ROOT}/Manifest.lock",
			);
			name = "[CP] Check Pods Manifest.lock";
			outputFileListPaths = (
			);
			outputPaths = (
				"$(DERIVED_FILE_DIR)/Pods-42Events-checkManifestLockResult.txt",
			);
			runOnlyForDeploymentPostprocessing = 0;
			shellPath = /bin/sh;
			shellScript = "diff \"${PODS_PODFILE_DIR_PATH}/Podfile.lock\" \"${PODS_ROOT}/Manifest.lock\" > /dev/null\nif [ $? != 0 ] ; then\n    # print error to STDERR\n    echo \"error: The sandbox is not in sync with the Podfile.lock. Run 'pod install' or update your CocoaPods installation.\" >&2\n    exit 1\nfi\n# This output is used by Xcode 'outputs' to avoid re-running this script phase.\necho \"SUCCESS\" > \"${SCRIPT_OUTPUT_FILE_0}\"\n";
			showEnvVarsInLog = 0;
		};
/* End PBXShellScriptBuildPhase section */

/* Begin PBXSourcesBuildPhase section */
		220746ED26527BF2004C6B07 /* Sources */ = {
			isa = PBXSourcesBuildPhase;
			buildActionMask = 2147483647;
			files = (
				229FEF8A265369360089BACC /* AlertBuilder.swift in Sources */,
				229FEF92265379DB0089BACC /* EventCollectionViewCell.swift in Sources */,
				229FF0182653B59D0089BACC /* SubItemCollectionViewCell.swift in Sources */,
				229FEF80265367C80089BACC /* NetworkManager.swift in Sources */,
				229FF0122653A77D0089BACC /* ItemCollectionViewCell.swift in Sources */,
				229FEF86265368DE0089BACC /* DataManager.swift in Sources */,
				227F209E2654BE18005233DF /* Item.swift in Sources */,
				220746F926527BF2004C6B07 /* HomeViewController.swift in Sources */,
				229FEF83265368C10089BACC /* Reachability.swift in Sources */,
				220746F526527BF2004C6B07 /* AppDelegate.swift in Sources */,
				229FEF8D265378FE0089BACC /* Extensions.swift in Sources */,
			);
			runOnlyForDeploymentPostprocessing = 0;
		};
/* End PBXSourcesBuildPhase section */

/* Begin PBXVariantGroup section */
		220746FA26527BF2004C6B07 /* Main.storyboard */ = {
			isa = PBXVariantGroup;
			children = (
				220746FB26527BF2004C6B07 /* Base */,
			);
			name = Main.storyboard;
			sourceTree = "<group>";
		};
		220746FF26527BF4004C6B07 /* LaunchScreen.storyboard */ = {
			isa = PBXVariantGroup;
			children = (
				2207470026527BF4004C6B07 /* Base */,
			);
			name = LaunchScreen.storyboard;
			sourceTree = "<group>";
		};
/* End PBXVariantGroup section */

/* Begin XCBuildConfiguration section */
		2207470326527BF4004C6B07 /* Debug */ = {
			isa = XCBuildConfiguration;
			buildSettings = {
				ALWAYS_SEARCH_USER_PATHS = NO;
				CLANG_ANALYZER_NONNULL = YES;
				CLANG_ANALYZER_NUMBER_OBJECT_CONVERSION = YES_AGGRESSIVE;
				CLANG_CXX_LANGUAGE_STANDARD = "gnu++14";
				CLANG_CXX_LIBRARY = "libc++";
				CLANG_ENABLE_MODULES = YES;
				CLANG_ENABLE_OBJC_ARC = YES;
				CLANG_ENABLE_OBJC_WEAK = YES;
				CLANG_WARN_BLOCK_CAPTURE_AUTORELEASING = YES;
				CLANG_WARN_BOOL_CONVERSION = YES;
				CLANG_WARN_COMMA = YES;
				CLANG_WARN_CONSTANT_CONVERSION = YES;
				CLANG_WARN_DEPRECATED_OBJC_IMPLEMENTATIONS = YES;
				CLANG_WARN_DIRECT_OBJC_ISA_USAGE = YES_ERROR;
				CLANG_WARN_DOCUMENTATION_COMMENTS = YES;
				CLANG_WARN_EMPTY_BODY = YES;
				CLANG_WARN_ENUM_CONVERSION = YES;
				CLANG_WARN_INFINITE_RECURSION = YES;
				CLANG_WARN_INT_CONVERSION = YES;
				CLANG_WARN_NON_LITERAL_NULL_CONVERSION = YES;
				CLANG_WARN_OBJC_IMPLICIT_RETAIN_SELF = YES;
				CLANG_WARN_OBJC_LITERAL_CONVERSION = YES;
				CLANG_WARN_OBJC_ROOT_CLASS = YES_ERROR;
				CLANG_WARN_QUOTED_INCLUDE_IN_FRAMEWORK_HEADER = YES;
				CLANG_WARN_RANGE_LOOP_ANALYSIS = YES;
				CLANG_WARN_STRICT_PROTOTYPES = YES;
				CLANG_WARN_SUSPICIOUS_MOVE = YES;
				CLANG_WARN_UNGUARDED_AVAILABILITY = YES_AGGRESSIVE;
				CLANG_WARN_UNREACHABLE_CODE = YES;
				CLANG_WARN__DUPLICATE_METHOD_MATCH = YES;
				COPY_PHASE_STRIP = NO;
				DEBUG_INFORMATION_FORMAT = dwarf;
				ENABLE_STRICT_OBJC_MSGSEND = YES;
				ENABLE_TESTABILITY = YES;
				GCC_C_LANGUAGE_STANDARD = gnu11;
				GCC_DYNAMIC_NO_PIC = NO;
				GCC_NO_COMMON_BLOCKS = YES;
				GCC_OPTIMIZATION_LEVEL = 0;
				GCC_PREPROCESSOR_DEFINITIONS = (
					"DEBUG=1",
					"$(inherited)",
				);
				GCC_WARN_64_TO_32_BIT_CONVERSION = YES;
				GCC_WARN_ABOUT_RETURN_TYPE = YES_ERROR;
				GCC_WARN_UNDECLARED_SELECTOR = YES;
				GCC_WARN_UNINITIALIZED_AUTOS = YES_AGGRESSIVE;
				GCC_WARN_UNUSED_FUNCTION = YES;
				GCC_WARN_UNUSED_VARIABLE = YES;
				IPHONEOS_DEPLOYMENT_TARGET = 14.4;
				MTL_ENABLE_DEBUG_INFO = INCLUDE_SOURCE;
				MTL_FAST_MATH = YES;
				ONLY_ACTIVE_ARCH = YES;
				SDKROOT = iphoneos;
				SWIFT_ACTIVE_COMPILATION_CONDITIONS = DEBUG;
				SWIFT_OPTIMIZATION_LEVEL = "-Onone";
			};
			name = Debug;
		};
		2207470426527BF4004C6B07 /* Release */ = {
			isa = XCBuildConfiguration;
			buildSettings = {
				ALWAYS_SEARCH_USER_PATHS = NO;
				CLANG_ANALYZER_NONNULL = YES;
				CLANG_ANALYZER_NUMBER_OBJECT_CONVERSION = YES_AGGRESSIVE;
				CLANG_CXX_LANGUAGE_STANDARD = "gnu++14";
				CLANG_CXX_LIBRARY = "libc++";
				CLANG_ENABLE_MODULES = YES;
				CLANG_ENABLE_OBJC_ARC = YES;
				CLANG_ENABLE_OBJC_WEAK = YES;
				CLANG_WARN_BLOCK_CAPTURE_AUTORELEASING = YES;
				CLANG_WARN_BOOL_CONVERSION = YES;
				CLANG_WARN_COMMA = YES;
				CLANG_WARN_CONSTANT_CONVERSION = YES;
				CLANG_WARN_DEPRECATED_OBJC_IMPLEMENTATIONS = YES;
				CLANG_WARN_DIRECT_OBJC_ISA_USAGE = YES_ERROR;
				CLANG_WARN_DOCUMENTATION_COMMENTS = YES;
				CLANG_WARN_EMPTY_BODY = YES;
				CLANG_WARN_ENUM_CONVERSION = YES;
				CLANG_WARN_INFINITE_RECURSION = YES;
				CLANG_WARN_INT_CONVERSION = YES;
				CLANG_WARN_NON_LITERAL_NULL_CONVERSION = YES;
				CLANG_WARN_OBJC_IMPLICIT_RETAIN_SELF = YES;
				CLANG_WARN_OBJC_LITERAL_CONVERSION = YES;
				CLANG_WARN_OBJC_ROOT_CLASS = YES_ERROR;
				CLANG_WARN_QUOTED_INCLUDE_IN_FRAMEWORK_HEADER = YES;
				CLANG_WARN_RANGE_LOOP_ANALYSIS = YES;
				CLANG_WARN_STRICT_PROTOTYPES = YES;
				CLANG_WARN_SUSPICIOUS_MOVE = YES;
				CLANG_WARN_UNGUARDED_AVAILABILITY = YES_AGGRESSIVE;
				CLANG_WARN_UNREACHABLE_CODE = YES;
				CLANG_WARN__DUPLICATE_METHOD_MATCH = YES;
				COPY_PHASE_STRIP = NO;
				DEBUG_INFORMATION_FORMAT = "dwarf-with-dsym";
				ENABLE_NS_ASSERTIONS = NO;
				ENABLE_STRICT_OBJC_MSGSEND = YES;
				GCC_C_LANGUAGE_STANDARD = gnu11;
				GCC_NO_COMMON_BLOCKS = YES;
				GCC_WARN_64_TO_32_BIT_CONVERSION = YES;
				GCC_WARN_ABOUT_RETURN_TYPE = YES_ERROR;
				GCC_WARN_UNDECLARED_SELECTOR = YES;
				GCC_WARN_UNINITIALIZED_AUTOS = YES_AGGRESSIVE;
				GCC_WARN_UNUSED_FUNCTION = YES;
				GCC_WARN_UNUSED_VARIABLE = YES;
				IPHONEOS_DEPLOYMENT_TARGET = 14.4;
				MTL_ENABLE_DEBUG_INFO = NO;
				MTL_FAST_MATH = YES;
				SDKROOT = iphoneos;
				SWIFT_COMPILATION_MODE = wholemodule;
				SWIFT_OPTIMIZATION_LEVEL = "-O";
				VALIDATE_PRODUCT = YES;
			};
			name = Release;
		};
		2207470626527BF4004C6B07 /* Debug */ = {
			isa = XCBuildConfiguration;
			baseConfigurationReference = 225631AB7EF3AFA1A0E22110 /* Pods-42Events.debug.xcconfig */;
			buildSettings = {
				ASSETCATALOG_COMPILER_APPICON_NAME = AppIcon;
				ASSETCATALOG_COMPILER_GLOBAL_ACCENT_COLOR_NAME = AccentColor;
				CODE_SIGN_STYLE = Automatic;
				DEVELOPMENT_TEAM = B24EEZ8S3G;
				INFOPLIST_FILE = 42Events/Info.plist;
				LD_RUNPATH_SEARCH_PATHS = (
					"$(inherited)",
					"@executable_path/Frameworks",
				);
				PRODUCT_BUNDLE_IDENTIFIER = "com.tainguyenduc.-2Events";
				PRODUCT_NAME = "$(TARGET_NAME)";
				SWIFT_VERSION = 5.0;
				TARGETED_DEVICE_FAMILY = "1,2";
			};
			name = Debug;
		};
		2207470726527BF4004C6B07 /* Release */ = {
			isa = XCBuildConfiguration;
			baseConfigurationReference = B5F5528C219E1B594A226B67 /* Pods-42Events.release.xcconfig */;
			buildSettings = {
				ASSETCATALOG_COMPILER_APPICON_NAME = AppIcon;
				ASSETCATALOG_COMPILER_GLOBAL_ACCENT_COLOR_NAME = AccentColor;
				CODE_SIGN_STYLE = Automatic;
				DEVELOPMENT_TEAM = B24EEZ8S3G;
				INFOPLIST_FILE = 42Events/Info.plist;
				LD_RUNPATH_SEARCH_PATHS = (
					"$(inherited)",
					"@executable_path/Frameworks",
				);
				PRODUCT_BUNDLE_IDENTIFIER = "com.tainguyenduc.-2Events";
				PRODUCT_NAME = "$(TARGET_NAME)";
				SWIFT_VERSION = 5.0;
				TARGETED_DEVICE_FAMILY = "1,2";
			};
			name = Release;
		};
/* End XCBuildConfiguration section */

/* Begin XCConfigurationList section */
		220746EC26527BF2004C6B07 /* Build configuration list for PBXProject "42Events" */ = {
			isa = XCConfigurationList;
			buildConfigurations = (
				2207470326527BF4004C6B07 /* Debug */,
				2207470426527BF4004C6B07 /* Release */,
			);
			defaultConfigurationIsVisible = 0;
			defaultConfigurationName = Release;
		};
		2207470526527BF4004C6B07 /* Build configuration list for PBXNativeTarget "42Events" */ = {
			isa = XCConfigurationList;
			buildConfigurations = (
				2207470626527BF4004C6B07 /* Debug */,
				2207470726527BF4004C6B07 /* Release */,
			);
			defaultConfigurationIsVisible = 0;
			defaultConfigurationName = Release;
		};
/* End XCConfigurationList section */
	};
	rootObject = 220746E926527BF2004C6B07 /* Project object */;
}
